
Microsoft Visual Studio Solution File, Format Version 12.00
# Visual Studio Version 17
VisualStudioVersion = 17.0.31903.59
MinimumVisualStudioVersion = 10.0.40219.1
Project("{2150E333-8FDC-42A3-9474-1A3956D46DE8}") = "Week_2", "Week_2", "{D40A1ADC-4B7A-4974-AE0F-1076C4F7E50D}"
EndProject
Project("{2150E333-8FDC-42A3-9474-1A3956D46DE8}") = "Day_1", "Day_1", "{D656F6CA-A1F8-48AC-8ED5-8C0469CF14C1}"
EndProject
Project("{FAE04EC0-301F-11D3-BF4B-00C04F79EFBC}") = "Task_2-Student_Management_System", "Week_2\Day_1\Task_2-Student_Management_System\Task_2-Student_Management_System.csproj", "{8377C8CF-D5EF-410B-A8D7-DCCA38A0D266}"
EndProject
Project("{2150E333-8FDC-42A3-9474-1A3956D46DE8}") = "Day_3", "Day_3", "{11912B46-17F9-4A7D-BDA6-C63CFF68DE54}"
EndProject
Project("{FAE04EC0-301F-11D3-BF4B-00C04F79EFBC}") = "Basics_EF", "Week_2\Day_3\Basics_EF\Basics_EF.csproj", "{C0283D56-06A1-4CFC-B7AF-ACBAC88E20F8}"
EndProject
Project("{2150E333-8FDC-42A3-9474-1A3956D46DE8}") = "Week_3", "Week_3", "{4DBECA78-00D0-4020-8E5C-C5CC6F796CEB}"
EndProject
Project("{2150E333-8FDC-42A3-9474-1A3956D46DE8}") = "Day_1", "Day_1", "{DD0FB9C4-839C-4801-AE10-8BF49E23F214}"
EndProject
Project("{FAE04EC0-301F-11D3-BF4B-00C04F79EFBC}") = "BlogAppAPi", "Week_3\Day_1\BlogAppAPi\BlogAppAPi.csproj", "{079AF0F2-4229-4E1C-84A5-92D6E406C7F0}"
EndProject
Project("{FAE04EC0-301F-11D3-BF4B-00C04F79EFBC}") = "BlogApp", "Week_3\Day_1\BlogApp\BlogApp.csproj", "{D58138C1-08A3-4114-B4FD-16582B897A25}"
EndProject
Global
	GlobalSection(SolutionConfigurationPlatforms) = preSolution
		Debug|Any CPU = Debug|Any CPU
		Release|Any CPU = Release|Any CPU
	EndGlobalSection
	GlobalSection(SolutionProperties) = preSolution
		HideSolutionNode = FALSE
	EndGlobalSection
	GlobalSection(ProjectConfigurationPlatforms) = postSolution
		{8377C8CF-D5EF-410B-A8D7-DCCA38A0D266}.Debug|Any CPU.ActiveCfg = Debug|Any CPU
		{8377C8CF-D5EF-410B-A8D7-DCCA38A0D266}.Debug|Any CPU.Build.0 = Debug|Any CPU
		{8377C8CF-D5EF-410B-A8D7-DCCA38A0D266}.Release|Any CPU.ActiveCfg = Release|Any CPU
		{8377C8CF-D5EF-410B-A8D7-DCCA38A0D266}.Release|Any CPU.Build.0 = Release|Any CPU
		{C0283D56-06A1-4CFC-B7AF-ACBAC88E20F8}.Debug|Any CPU.ActiveCfg = Debug|Any CPU
		{C0283D56-06A1-4CFC-B7AF-ACBAC88E20F8}.Debug|Any CPU.Build.0 = Debug|Any CPU
		{C0283D56-06A1-4CFC-B7AF-ACBAC88E20F8}.Release|Any CPU.ActiveCfg = Release|Any CPU
		{C0283D56-06A1-4CFC-B7AF-ACBAC88E20F8}.Release|Any CPU.Build.0 = Release|Any CPU
		{079AF0F2-4229-4E1C-84A5-92D6E406C7F0}.Debug|Any CPU.ActiveCfg = Debug|Any CPU
		{079AF0F2-4229-4E1C-84A5-92D6E406C7F0}.Debug|Any CPU.Build.0 = Debug|Any CPU
		{079AF0F2-4229-4E1C-84A5-92D6E406C7F0}.Release|Any CPU.ActiveCfg = Release|Any CPU
		{079AF0F2-4229-4E1C-84A5-92D6E406C7F0}.Release|Any CPU.Build.0 = Release|Any CPU
		{D58138C1-08A3-4114-B4FD-16582B897A25}.Debug|Any CPU.ActiveCfg = Debug|Any CPU
		{D58138C1-08A3-4114-B4FD-16582B897A25}.Debug|Any CPU.Build.0 = Debug|Any CPU
		{D58138C1-08A3-4114-B4FD-16582B897A25}.Release|Any CPU.ActiveCfg = Release|Any CPU
		{D58138C1-08A3-4114-B4FD-16582B897A25}.Release|Any CPU.Build.0 = Release|Any CPU
	EndGlobalSection
	GlobalSection(NestedProjects) = preSolution
		{D656F6CA-A1F8-48AC-8ED5-8C0469CF14C1} = {D40A1ADC-4B7A-4974-AE0F-1076C4F7E50D}
		{8377C8CF-D5EF-410B-A8D7-DCCA38A0D266} = {D656F6CA-A1F8-48AC-8ED5-8C0469CF14C1}
		{11912B46-17F9-4A7D-BDA6-C63CFF68DE54} = {D40A1ADC-4B7A-4974-AE0F-1076C4F7E50D}
		{C0283D56-06A1-4CFC-B7AF-ACBAC88E20F8} = {11912B46-17F9-4A7D-BDA6-C63CFF68DE54}
		{DD0FB9C4-839C-4801-AE10-8BF49E23F214} = {4DBECA78-00D0-4020-8E5C-C5CC6F796CEB}
		{079AF0F2-4229-4E1C-84A5-92D6E406C7F0} = {DD0FB9C4-839C-4801-AE10-8BF49E23F214}
		{D58138C1-08A3-4114-B4FD-16582B897A25} = {DD0FB9C4-839C-4801-AE10-8BF49E23F214}
	EndGlobalSection
EndGlobal
